{
  "lockfile_version": "1",
  "packages": {
    "go-task@latest": {
      "last_modified": "2024-11-03T14:18:04Z",
      "resolved": "github:NixOS/nixpkgs/4ae2e647537bcdbb82265469442713d066675275#go-task",
      "source": "devbox-search",
      "version": "3.39.2",
      "systems": {
        "aarch64-darwin": {
          "outputs": [
            {
              "name": "out",
              "path": "/nix/store/gbjz4920rwwlmlwb6wdgvvpk4yh31vnk-go-task-3.39.2",
              "default": true
            }
          ],
          "store_path": "/nix/store/gbjz4920rwwlmlwb6wdgvvpk4yh31vnk-go-task-3.39.2"
        },
        "aarch64-linux": {
          "outputs": [
            {
              "name": "out",
              "path": "/nix/store/a38ydnaa915s50yq7pahlam6wmhpi9k8-go-task-3.39.2",
              "default": true
            }
          ],
          "store_path": "/nix/store/a38ydnaa915s50yq7pahlam6wmhpi9k8-go-task-3.39.2"
        },
        "x86_64-darwin": {
          "outputs": [
            {
              "name": "out",
              "path": "/nix/store/8py3ncvx2ir85pilzrcp1ygai9s82hx4-go-task-3.39.2",
              "default": true
            }
          ],
          "store_path": "/nix/store/8py3ncvx2ir85pilzrcp1ygai9s82hx4-go-task-3.39.2"
        },
        "x86_64-linux": {
          "outputs": [
            {
              "name": "out",
              "path": "/nix/store/pp4g03va3plfx8lmpfgwvpgx5jm8z7ny-go-task-3.39.2",
              "default": true
            }
          ],
          "store_path": "/nix/store/pp4g03va3plfx8lmpfgwvpgx5jm8z7ny-go-task-3.39.2"
        }
      }
    },
    "go@1.23.1": {
      "last_modified": "2024-09-10T15:01:03Z",
      "resolved": "github:NixOS/nixpkgs/5ed627539ac84809c78b2dd6d26a5cebeb5ae269#go_1_23",
      "source": "devbox-search",
      "version": "1.23.1",
      "systems": {
        "aarch64-darwin": {
          "outputs": [
            {
              "name": "out",
              "path": "/nix/store/nvaay1c4banbccyvv6ba1gzyqpypjmfq-go-1.23.1",
              "default": true
            }
          ],
          "store_path": "/nix/store/nvaay1c4banbccyvv6ba1gzyqpypjmfq-go-1.23.1"
        },
        "aarch64-linux": {
          "outputs": [
            {
              "name": "out",
              "path": "/nix/store/9ylsay11jb3p6yarkmlz0fin76cdypwa-go-1.23.1",
              "default": true
            }
          ],
          "store_path": "/nix/store/9ylsay11jb3p6yarkmlz0fin76cdypwa-go-1.23.1"
        },
        "x86_64-darwin": {
          "outputs": [
            {
              "name": "out",
              "path": "/nix/store/zkg5xhyx2rs03dq0qp14nqlx9ff1y5c5-go-1.23.1",
              "default": true
            }
          ],
          "store_path": "/nix/store/zkg5xhyx2rs03dq0qp14nqlx9ff1y5c5-go-1.23.1"
        },
        "x86_64-linux": {
          "outputs": [
            {
              "name": "out",
              "path": "/nix/store/mi0ybwsm6pmxzv9hsm6bcbqaq1pkf8wh-go-1.23.1",
              "default": true
            }
          ],
          "store_path": "/nix/store/mi0ybwsm6pmxzv9hsm6bcbqaq1pkf8wh-go-1.23.1"
        }
      }
    },
    "gum@latest": {
      "last_modified": "2024-11-03T14:18:04Z",
      "resolved": "github:NixOS/nixpkgs/4ae2e647537bcdbb82265469442713d066675275#gum",
      "source": "devbox-search",
      "version": "0.14.5",
      "systems": {
        "aarch64-darwin": {
          "outputs": [
            {
              "name": "out",
              "path": "/nix/store/yc1i3xn1aj5abcigi4h3yhr1migrb8wy-gum-0.14.5",
              "default": true
            }
          ],
          "store_path": "/nix/store/yc1i3xn1aj5abcigi4h3yhr1migrb8wy-gum-0.14.5"
        },
        "aarch64-linux": {
          "outputs": [
            {
              "name": "out",
              "path": "/nix/store/n7hrvg1wi6li9kaa1jgknnbdyzpa2kwz-gum-0.14.5",
              "default": true
            }
          ],
          "store_path": "/nix/store/n7hrvg1wi6li9kaa1jgknnbdyzpa2kwz-gum-0.14.5"
        },
        "x86_64-darwin": {
          "outputs": [
            {
              "name": "out",
              "path": "/nix/store/962s45naidrx79v7p0q94xg5s2aq7i6v-gum-0.14.5",
              "default": true
            }
          ],
          "store_path": "/nix/store/962s45naidrx79v7p0q94xg5s2aq7i6v-gum-0.14.5"
        },
        "x86_64-linux": {
          "outputs": [
            {
              "name": "out",
              "path": "/nix/store/0bsz576va04hm8fgpsjlspjclmc1wkik-gum-0.14.5",
              "default": true
            }
          ],
          "store_path": "/nix/store/0bsz576va04hm8fgpsjlspjclmc1wkik-gum-0.14.5"
        }
      }
    },
    "python@latest": {
      "last_modified": "2024-11-03T14:18:04Z",
      "plugin_version": "0.0.4",
      "resolved": "github:NixOS/nixpkgs/4ae2e647537bcdbb82265469442713d066675275#python313",
      "source": "devbox-search",
      "version": "3.13.0",
      "systems": {
        "aarch64-darwin": {
          "outputs": [
            {
              "name": "out",
              "path": "/nix/store/ynpbisv3jxwwr5v2dh1v9648vagf0vbi-python3-3.13.0",
              "default": true
            }
          ],
          "store_path": "/nix/store/ynpbisv3jxwwr5v2dh1v9648vagf0vbi-python3-3.13.0"
        },
        "aarch64-linux": {
          "outputs": [
            {
              "name": "out",
              "path": "/nix/store/1izaqn5qsr8qwy9lxrbpvcfzps3krgzv-python3-3.13.0",
              "default": true
            },
            {
              "name": "debug",
              "path": "/nix/store/r36jpffanzqrzp1bnag5lryh2mxpvwh6-python3-3.13.0-debug"
            }
          ],
          "store_path": "/nix/store/1izaqn5qsr8qwy9lxrbpvcfzps3krgzv-python3-3.13.0"
        },
        "x86_64-darwin": {
          "outputs": [
            {
              "name": "out",
              "path": "/nix/store/sf14yykqd5cy1z31kqiyq8fwm17l5nwq-python3-3.13.0",
              "default": true
            }
          ],
          "store_path": "/nix/store/sf14yykqd5cy1z31kqiyq8fwm17l5nwq-python3-3.13.0"
        },
        "x86_64-linux": {
          "outputs": [
            {
              "name": "out",
              "path": "/nix/store/b5w6mr7v3mnl9s163yimdksddnwhvqyl-python3-3.13.0",
              "default": true
            },
            {
              "name": "debug",
              "path": "/nix/store/9wq8a39b66ls2jvyyd7nsmmhdl8vj0sy-python3-3.13.0-debug"
            }
          ],
          "store_path": "/nix/store/b5w6mr7v3mnl9s163yimdksddnwhvqyl-python3-3.13.0"
        }
      }
    }
  }
}
